
Microsoft Visual Studio Solution File, Format Version 12.00
# Visual Studio Version 16
VisualStudioVersion = 16.0.30907.101
MinimumVisualStudioVersion = 10.0.40219.1
Project("{888888A0-9F3D-457C-B088-3A5042F75D52}") = "CryptoColaMachine", "CryptoColaMachine\CryptoColaMachine.pyproj", "{13C4949F-128F-49BC-B3BF-DC58427F47A2}"
EndProject
Global
	GlobalSection(SolutionConfigurationPlatforms) = preSolution
		Debug|Any CPU = Debug|Any CPU
		Release|Any CPU = Release|Any CPU
	EndGlobalSection
	GlobalSection(ProjectConfigurationPlatforms) = postSolution
		{13C4949F-128F-49BC-B3BF-DC58427F47A2}.Debug|Any CPU.ActiveCfg = Debug|Any CPU
		{13C4949F-128F-49BC-B3BF-DC58427F47A2}.Release|Any CPU.ActiveCfg = Release|Any CPU
	EndGlobalSection
	GlobalSection(SolutionProperties) = preSolution
		HideSolutionNode = FALSE
	EndGlobalSection
	GlobalSection(ExtensibilityGlobals) = postSolution
		SolutionGuid = {F0472D7A-F3B3-4B6F-B2A6-E3D4DB81258F}
	EndGlobalSection
EndGlobal
